
Microsoft Visual Studio Solution File, Format Version 12.00
# Visual Studio Version 17
VisualStudioVersion = 17.6.33829.357
MinimumVisualStudioVersion = 10.0.40219.1
Project("{8BC9CEB8-8B4A-11D0-8D11-00A0C91BC942}") = "FractionLib", "FractionLib\FractionLib.vcxproj", "{4666BD0B-C64E-48E9-99C7-CE26224BF00B}"
EndProject
Project("{8BC9CEB8-8B4A-11D0-8D11-00A0C91BC942}") = "FractionUnitTest", "FractionUnitTest\FractionUnitTest.vcxproj", "{0706FB9E-4C0F-4140-9798-404761B2750F}"
EndProject
Global
	GlobalSection(SolutionConfigurationPlatforms) = preSolution
		Debug|x64 = Debug|x64
		Debug|x86 = Debug|x86
		Release|x64 = Release|x64
		Release|x86 = Release|x86
	EndGlobalSection
	GlobalSection(ProjectConfigurationPlatforms) = postSolution
		{4666BD0B-C64E-48E9-99C7-CE26224BF00B}.Debug|x64.ActiveCfg = Debug|x64
		{4666BD0B-C64E-48E9-99C7-CE26224BF00B}.Debug|x64.Build.0 = Debug|x64
		{4666BD0B-C64E-48E9-99C7-CE26224BF00B}.Debug|x86.ActiveCfg = Debug|Win32
		{4666BD0B-C64E-48E9-99C7-CE26224BF00B}.Debug|x86.Build.0 = Debug|Win32
		{4666BD0B-C64E-48E9-99C7-CE26224BF00B}.Release|x64.ActiveCfg = Release|x64
		{4666BD0B-C64E-48E9-99C7-CE26224BF00B}.Release|x64.Build.0 = Release|x64
		{4666BD0B-C64E-48E9-99C7-CE26224BF00B}.Release|x86.ActiveCfg = Release|Win32
		{4666BD0B-C64E-48E9-99C7-CE26224BF00B}.Release|x86.Build.0 = Release|Win32
		{0706FB9E-4C0F-4140-9798-404761B2750F}.Debug|x64.ActiveCfg = Debug|x64
		{0706FB9E-4C0F-4140-9798-404761B2750F}.Debug|x64.Build.0 = Debug|x64
		{0706FB9E-4C0F-4140-9798-404761B2750F}.Debug|x86.ActiveCfg = Debug|Win32
		{0706FB9E-4C0F-4140-9798-404761B2750F}.Debug|x86.Build.0 = Debug|Win32
		{0706FB9E-4C0F-4140-9798-404761B2750F}.Release|x64.ActiveCfg = Release|x64
		{0706FB9E-4C0F-4140-9798-404761B2750F}.Release|x64.Build.0 = Release|x64
		{0706FB9E-4C0F-4140-9798-404761B2750F}.Release|x86.ActiveCfg = Release|Win32
		{0706FB9E-4C0F-4140-9798-404761B2750F}.Release|x86.Build.0 = Release|Win32
	EndGlobalSection
	GlobalSection(SolutionProperties) = preSolution
		HideSolutionNode = FALSE
	EndGlobalSection
	GlobalSection(ExtensibilityGlobals) = postSolution
		SolutionGuid = {E9D37530-DEA7-4B56-BC3C-30F232DC1A8F}
	EndGlobalSection
EndGlobal
